<?xml version="1.0" encoding="utf-8"?>
<Project ToolsVersion="4.0" xmlns="http://schemas.microsoft.com/developer/msbuild/2003">
  <ItemGroup>
    <Filter Include="Source Files">
      <UniqueIdentifier>{4FC737F1-C7A5-4376-A066-2A32D752A2FF}</UniqueIdentifier>
      <Extensions>cpp;c;cc;cxx;def;odl;idl;hpj;bat;asm;asmx</Extensions>
    </Filter>
    <Filter Include="Header Files">
      <UniqueIdentifier>{93995380-89BD-4b04-88EB-625FBE52EBFB}</UniqueIdentifier>
      <Extensions>h;hh;hpp;hxx;hm;inl;inc;xsd</Extensions>
    </Filter>
    <Filter Include="Resource Files">
      <UniqueIdentifier>{67DA6AB6-F800-4c08-8B7A-83BB121AAD01}</UniqueIdentifier>
      <Extensions>rc;ico;cur;bmp;dlg;rc2;rct;bin;rgs;gif;jpg;jpeg;jpe;resx;tiff;tif;png;wav;mfcribbon-ms</Extensions>
    </Filter>
    <Filter Include="Header Files\Injection">
      <UniqueIdentifier>{5488219a-4366-4b02-9c48-35703f2ccfc5}</UniqueIdentifier>
    </Filter>
    <Filter Include="Source Files\Injection">
      <UniqueIdentifier>{36ed4480-f964-4653-a204-2d64590f897b}</UniqueIdentifier>
    </Filter>
    <Filter Include="Header Files\Helpers">
      <UniqueIdentifier>{f4ca6086-be0a-474b-af13-fa26c2cbc5f8}</UniqueIdentifier>
    </Filter>
    <Filter Include="Source Files\Helpers">
      <UniqueIdentifier>{4aa3c00e-ce7c-49fc-b527-74b03e3213c7}</UniqueIdentifier>
    </Filter>
    <Filter Include="Header Files\Interop">
      <UniqueIdentifier>{ba977a78-646a-4bca-a4a2-edb4e487c0bb}</UniqueIdentifier>
    </Filter>
    <Filter Include="Header Files\Wrapper">
      <UniqueIdentifier>{80a5c3ad-968a-4413-b048-de81532aa277}</UniqueIdentifier>
    </Filter>
    <Filter Include="Source Files\Interop">
      <UniqueIdentifier>{19ceadce-4d10-469a-9a43-dc8e6e640168}</UniqueIdentifier>
    </Filter>
    <Filter Include="Source Files\Wrapper">
      <UniqueIdentifier>{7204e0d4-6941-4342-b130-5b7c905b2254}</UniqueIdentifier>
    </Filter>
    <Filter Include="Shellcodes">
      <UniqueIdentifier>{352ecd43-9a8e-4ec4-9998-d2ae56da30c6}</UniqueIdentifier>
    </Filter>
    <Filter Include="Header Files\Engines">
      <UniqueIdentifier>{610f320f-6071-421f-886b-1b5eec5d6fbc}</UniqueIdentifier>
    </Filter>
    <Filter Include="Source Files\Engines">
      <UniqueIdentifier>{74235fac-b308-4444-bef4-05013be59c0a}</UniqueIdentifier>
    </Filter>
  </ItemGroup>
  <ItemGroup>
    <ClInclude Include="loadlibrary.hpp">
      <Filter>Header Files\Injection</Filter>
    </ClInclude>
    <ClInclude Include="ntdll.hpp">
      <Filter>Header Files\Helpers</Filter>
    </ClInclude>
    <ClInclude Include="logger.hpp">
      <Filter>Header Files\Helpers</Filter>
    </ClInclude>
    <ClInclude Include="process.hpp">
      <Filter>Header Files\Interop</Filter>
    </ClInclude>
    <ClInclude Include="portable_executable.hpp">
      <Filter>Header Files\Wrapper</Filter>
    </ClInclude>
    <ClInclude Include="cast.hpp">
      <Filter>Header Files\Helpers</Filter>
    </ClInclude>
    <ClInclude Include="transformer.hpp">
      <Filter>Header Files\Helpers</Filter>
    </ClInclude>
    <ClInclude Include="map_context.hpp">
      <Filter>Header Files\Injection</Filter>
    </ClInclude>
    <ClInclude Include="manualmapper.hpp">
      <Filter>Header Files\Injection</Filter>
    </ClInclude>
    <ClInclude Include="safe_memory.hpp">
      <Filter>Header Files\Interop</Filter>
    </ClInclude>
    <ClInclude Include="safe_handle.hpp">
      <Filter>Header Files\Interop</Filter>
    </ClInclude>
    <ClInclude Include="binary_file.hpp">
      <Filter>Header Files\Wrapper</Filter>
    </ClInclude>
    <ClInclude Include="api_set.hpp">
      <Filter>Header Files\Wrapper</Filter>
    </ClInclude>
    <ClInclude Include="memory_section.hpp">
      <Filter>Header Files\Interop</Filter>
    </ClInclude>
    <ClInclude Include="shellcode.hpp">
      <Filter>Header Files\Engines</Filter>
    </ClInclude>
    <ClInclude Include="maker.hpp">
      <Filter>Header Files\Helpers</Filter>
    </ClInclude>
    <ClInclude Include="thread.hpp">
      <Filter>Header Files\Interop</Filter>
    </ClInclude>
    <ClInclude Include="executors.hpp">
      <Filter>Header Files\Engines</Filter>
    </ClInclude>
    <ClInclude Include="pe_section.hpp">
      <Filter>Header Files\Interop</Filter>
    </ClInclude>
  </ItemGroup>
  <ItemGroup>
    <ClCompile Include="main.cpp">
      <Filter>Source Files</Filter>
    </ClCompile>
    <ClCompile Include="loadlibrary.cpp">
      <Filter>Source Files\Injection</Filter>
    </ClCompile>
    <ClCompile Include="ntdll.cpp">
      <Filter>Source Files\Helpers</Filter>
    </ClCompile>
    <ClCompile Include="process.cpp">
      <Filter>Source Files\Interop</Filter>
    </ClCompile>
    <ClCompile Include="portable_executable.cpp">
      <Filter>Source Files\Wrapper</Filter>
    </ClCompile>
    <ClCompile Include="manualmapper.cpp">
      <Filter>Source Files\Injection</Filter>
    </ClCompile>
    <ClCompile Include="map_context.cpp">
      <Filter>Source Files\Injection</Filter>
    </ClCompile>
    <ClCompile Include="binary_file.cpp">
      <Filter>Source Files\Wrapper</Filter>
    </ClCompile>
    <ClCompile Include="api_set.cpp">
      <Filter>Source Files\Wrapper</Filter>
    </ClCompile>
    <ClCompile Include="logger.cpp">
      <Filter>Source Files\Helpers</Filter>
    </ClCompile>
    <ClCompile Include="thread.cpp">
      <Filter>Source Files\Interop</Filter>
    </ClCompile>
    <ClCompile Include="shellcode.cpp">
      <Filter>Source Files\Engines</Filter>
    </ClCompile>
    <ClCompile Include="executors.cpp">
      <Filter>Source Files\Engines</Filter>
    </ClCompile>
  </ItemGroup>
  <ItemGroup>
    <None Include="dllmain_call_x64.asm">
      <Filter>Shellcodes</Filter>
    </None>
    <None Include="dllmain_hijack_x64.asm">
      <Filter>Shellcodes</Filter>
    </None>
  </ItemGroup>
</Project>